# THIS IS AN AUTOGENERATED FILE. DO NOT EDIT THIS FILE DIRECTLY.
# yarn lockfile v1


nodemailer@^8.0.1:
  version "8.0.1"
  resolved "https://registry.yarnpkg.com/nodemailer/-/nodemailer-8.0.1.tgz#225842a5e3a06c4ee39adfdf784acd9e00bea9c2"
  integrity sha512-5kcldIXmaEjZcHR6F28IKGSgpmZHaF1IXLWFTG+Xh3S+Cce4MiakLtWY+PlBU69fLbRa8HlaGIrC/QolUpHkhg==
